
Microsoft Visual Studio Solution File, Format Version 12.00
# Visual Studio Version 17
VisualStudioVersion = 17.9.34622.214
MinimumVisualStudioVersion = 10.0.40219.1
Project("{9A19103F-16F7-4668-BE54-9A1E7A4F7556}") = "HLWebScraper.Net", "HLWebScraper.Net.csproj", "{45D9138D-2CF4-4106-A0EC-78521BA82E53}"
EndProject
Global
	GlobalSection(SolutionConfigurationPlatforms) = preSolution
		Debug|Any CPU = Debug|Any CPU
		Release|Any CPU = Release|Any CPU
	EndGlobalSection
	GlobalSection(ProjectConfigurationPlatforms) = postSolution
		{45D9138D-2CF4-4106-A0EC-78521BA82E53}.Debug|Any CPU.ActiveCfg = Debug|Any CPU
		{45D9138D-2CF4-4106-A0EC-78521BA82E53}.Debug|Any CPU.Build.0 = Debug|Any CPU
		{45D9138D-2CF4-4106-A0EC-78521BA82E53}.Release|Any CPU.ActiveCfg = Release|Any CPU
		{45D9138D-2CF4-4106-A0EC-78521BA82E53}.Release|Any CPU.Build.0 = Release|Any CPU
	EndGlobalSection
	GlobalSection(SolutionProperties) = preSolution
		HideSolutionNode = FALSE
	EndGlobalSection
	GlobalSection(ExtensibilityGlobals) = postSolution
		SolutionGuid = {D7204EDD-73D6-4A3F-BFCD-7E84B7631D85}
	EndGlobalSection
EndGlobal
